<?xml version="1.0" encoding="UTF-8"?>
<!DOCTYPE plist PUBLIC "-//Apple//DTD PLIST 1.0//EN" "http://www.apple.com/DTDs/PropertyList-1.0.dtd">
<plist version="1.0">
<dict>
	<key>archiveVersion</key>
	<string>1</string>
	<key>classes</key>
	<dict/>
	<key>objectVersion</key>
	<string>46</string>
	<key>objects</key>
	<dict>
		<key>014D3F4F79164FBAB683ABDE</key>
		<dict>
			<key>buildActionMask</key>
			<string>2147483647</string>
			<key>files</key>
			<array/>
			<key>inputPaths</key>
			<array/>
			<key>isa</key>
			<string>PBXShellScriptBuildPhase</string>
			<key>name</key>
			<string>Copy Pods Resources</string>
			<key>outputPaths</key>
			<array/>
			<key>runOnlyForDeploymentPostprocessing</key>
			<string>0</string>
			<key>shellPath</key>
			<string>/bin/sh</string>
			<key>shellScript</key>
			<string>"${SRCROOT}/Pods/Pods-resources.sh"
</string>
			<key>showEnvVarsInLog</key>
			<string>0</string>
		</dict>
		<key>2C98866EE0984433BCA6AE94</key>
		<dict>
			<key>explicitFileType</key>
			<string>archive.ar</string>
			<key>includeInIndex</key>
			<string>0</string>
			<key>isa</key>
			<string>PBXFileReference</string>
			<key>path</key>
			<string>libPods.a</string>
			<key>sourceTree</key>
			<string>BUILT_PRODUCTS_DIR</string>
		</dict>
		<key>4AF1ADCC73E147C89DA5F2D6</key>
		<dict>
			<key>fileRef</key>
			<string>2C98866EE0984433BCA6AE94</string>
			<key>isa</key>
			<string>PBXBuildFile</string>
		</dict>
		<key>ACA27526ED624FE48FA8F0F3</key>
		<dict>
			<key>buildActionMask</key>
			<string>2147483647</string>
			<key>files</key>
			<array/>
			<key>inputPaths</key>
			<array/>
			<key>isa</key>
			<string>PBXShellScriptBuildPhase</string>
			<key>name</key>
			<string>Check Pods Manifest.lock</string>
			<key>outputPaths</key>
			<array/>
			<key>runOnlyForDeploymentPostprocessing</key>
			<string>0</string>
			<key>shellPath</key>
			<string>/bin/sh</string>
			<key>shellScript</key>
			<string>diff "${PODS_ROOT}/../Podfile.lock" "${PODS_ROOT}/Manifest.lock" &gt; /dev/null
if [[ $? != 0 ]] ; then
    cat &lt;&lt; EOM
error: The sandbox is not in sync with the Podfile.lock. Run 'pod install' or update your CocoaPods installation.
EOM
    exit 1
fi
</string>
			<key>showEnvVarsInLog</key>
			<string>0</string>
		</dict>
		<key>D4388CCA184E7FD90065B863</key>
		<dict>
			<key>fileEncoding</key>
			<string>4</string>
			<key>isa</key>
			<string>PBXFileReference</string>
			<key>lastKnownFileType</key>
			<string>sourcecode.c.h</string>
			<key>path</key>
			<string>XmlParserDelegate.h</string>
			<key>sourceTree</key>
			<string>&lt;group&gt;</string>
		</dict>
		<key>D4388CCB184E7FD90065B863</key>
		<dict>
			<key>fileEncoding</key>
			<string>4</string>
			<key>isa</key>
			<string>PBXFileReference</string>
			<key>lastKnownFileType</key>
			<string>sourcecode.c.objc</string>
			<key>path</key>
			<string>XmlParserDelegate.m</string>
			<key>sourceTree</key>
			<string>&lt;group&gt;</string>
		</dict>
		<key>D4388CCC184E7FD90065B863</key>
		<dict>
			<key>fileRef</key>
			<string>D4388CCB184E7FD90065B863</string>
			<key>isa</key>
			<string>PBXBuildFile</string>
		</dict>
		<key>D4388CD0184E909E0065B863</key>
		<dict>
			<key>fileEncoding</key>
			<string>4</string>
			<key>isa</key>
			<string>PBXFileReference</string>
			<key>lastKnownFileType</key>
			<string>sourcecode.c.h</string>
			<key>path</key>
			<string>FeedHeader.h</string>
			<key>sourceTree</key>
			<string>&lt;group&gt;</string>
		</dict>
		<key>D4388CD1184E909E0065B863</key>
		<dict>
			<key>fileEncoding</key>
			<string>4</string>
			<key>isa</key>
			<string>PBXFileReference</string>
			<key>lastKnownFileType</key>
			<string>sourcecode.c.objc</string>
			<key>path</key>
			<string>FeedHeader.m</string>
			<key>sourceTree</key>
			<string>&lt;group&gt;</string>
		</dict>
		<key>D4388CD2184E909E0065B863</key>
		<dict>
			<key>fileRef</key>
			<string>D4388CD1184E909E0065B863</string>
			<key>isa</key>
			<string>PBXBuildFile</string>
		</dict>
		<key>D4388CD3184E91340065B863</key>
		<dict>
			<key>fileEncoding</key>
			<string>4</string>
			<key>isa</key>
			<string>PBXFileReference</string>
			<key>lastKnownFileType</key>
			<string>sourcecode.c.h</string>
			<key>path</key>
			<string>FeedItem.h</string>
			<key>sourceTree</key>
			<string>&lt;group&gt;</string>
		</dict>
		<key>D4388CD4184E91340065B863</key>
		<dict>
			<key>fileEncoding</key>
			<string>4</string>
			<key>isa</key>
			<string>PBXFileReference</string>
			<key>lastKnownFileType</key>
			<string>sourcecode.c.objc</string>
			<key>path</key>
			<string>FeedItem.m</string>
			<key>sourceTree</key>
			<string>&lt;group&gt;</string>
		</dict>
		<key>D4388CD5184E91340065B863</key>
		<dict>
			<key>fileRef</key>
			<string>D4388CD4184E91340065B863</string>
			<key>isa</key>
			<string>PBXBuildFile</string>
		</dict>
		<key>D43D7F67184699360069A692</key>
		<dict>
			<key>children</key>
			<array>
				<string>D43D7F79184699360069A692</string>
				<string>D43D7F9A184699360069A692</string>
				<string>D43D7F72184699360069A692</string>
				<string>D43D7F71184699360069A692</string>
				<string>F9D1A872BDEB46A19BD37547</string>
			</array>
			<key>isa</key>
			<string>PBXGroup</string>
			<key>sourceTree</key>
			<string>&lt;group&gt;</string>
		</dict>
		<key>D43D7F68184699360069A692</key>
		<dict>
			<key>attributes</key>
			<dict>
				<key>LastUpgradeCheck</key>
				<string>0500</string>
				<key>ORGANIZATIONNAME</key>
				<string>schultyy</string>
				<key>TargetAttributes</key>
				<dict>
					<key>D43D7F93184699360069A692</key>
					<dict>
						<key>TestTargetID</key>
						<string>D43D7F6F184699360069A692</string>
					</dict>
				</dict>
			</dict>
			<key>buildConfigurationList</key>
			<string>D43D7F6B184699360069A692</string>
			<key>compatibilityVersion</key>
			<string>Xcode 3.2</string>
			<key>developmentRegion</key>
			<string>English</string>
			<key>hasScannedForEncodings</key>
			<string>0</string>
			<key>isa</key>
			<string>PBXProject</string>
			<key>knownRegions</key>
			<array>
				<string>en</string>
				<string>Base</string>
			</array>
			<key>mainGroup</key>
			<string>D43D7F67184699360069A692</string>
			<key>productRefGroup</key>
			<string>D43D7F71184699360069A692</string>
			<key>projectDirPath</key>
			<string></string>
			<key>projectReferences</key>
			<array/>
			<key>projectRoot</key>
			<string></string>
			<key>targets</key>
			<array>
				<string>D43D7F6F184699360069A692</string>
				<string>D43D7F93184699360069A692</string>
			</array>
		</dict>
		<key>D43D7F6B184699360069A692</key>
		<dict>
			<key>buildConfigurations</key>
			<array>
				<string>D43D7FA2184699360069A692</string>
				<string>D43D7FA3184699360069A692</string>
			</array>
			<key>defaultConfigurationIsVisible</key>
			<string>0</string>
			<key>defaultConfigurationName</key>
			<string>Release</string>
			<key>isa</key>
			<string>XCConfigurationList</string>
		</dict>
		<key>D43D7F6C184699360069A692</key>
		<dict>
			<key>buildActionMask</key>
			<string>2147483647</string>
			<key>files</key>
			<array>
				<string>D4A03D23184B6B8700479112</string>
				<string>D43D7F8D184699360069A692</string>
				<string>D43D7F87184699360069A692</string>
				<string>D43D7FB118469A0C0069A692</string>
				<string>D4388CD5184E91340065B863</string>
				<string>D4388CD2184E909E0065B863</string>
				<string>D4A03D29184B7F0400479112</string>
				<string>D43D7F80184699360069A692</string>
				<string>D4388CCC184E7FD90065B863</string>
			</array>
			<key>isa</key>
			<string>PBXSourcesBuildPhase</string>
			<key>runOnlyForDeploymentPostprocessing</key>
			<string>0</string>
		</dict>
		<key>D43D7F6D184699360069A692</key>
		<dict>
			<key>buildActionMask</key>
			<string>2147483647</string>
			<key>files</key>
			<array>
				<string>D43D7F74184699360069A692</string>
				<string>4AF1ADCC73E147C89DA5F2D6</string>
			</array>
			<key>isa</key>
			<string>PBXFrameworksBuildPhase</string>
			<key>runOnlyForDeploymentPostprocessing</key>
			<string>0</string>
		</dict>
		<key>D43D7F6E184699360069A692</key>
		<dict>
			<key>buildActionMask</key>
			<string>2147483647</string>
			<key>files</key>
			<array>
				<string>D43D7FAC184699C60069A692</string>
				<string>D43D7F7E184699360069A692</string>
				<string>D4A03D20184B6B4E00479112</string>
				<string>D43D7F8F184699360069A692</string>
				<string>D43D7F84184699360069A692</string>
				<string>D43D7F8A184699360069A692</string>
			</array>
			<key>isa</key>
			<string>PBXResourcesBuildPhase</string>
			<key>runOnlyForDeploymentPostprocessing</key>
			<string>0</string>
		</dict>
		<key>D43D7F6F184699360069A692</key>
		<dict>
			<key>buildConfigurationList</key>
			<string>D43D7FA4184699360069A692</string>
			<key>buildPhases</key>
			<array>
				<string>ACA27526ED624FE48FA8F0F3</string>
				<string>D43D7F6C184699360069A692</string>
				<string>D43D7F6D184699360069A692</string>
				<string>D43D7F6E184699360069A692</string>
				<string>014D3F4F79164FBAB683ABDE</string>
			</array>
			<key>buildRules</key>
			<array/>
			<key>dependencies</key>
			<array/>
			<key>isa</key>
			<string>PBXNativeTarget</string>
			<key>name</key>
			<string>kraken</string>
			<key>productName</key>
			<string>kraken</string>
			<key>productReference</key>
			<string>D43D7F70184699360069A692</string>
			<key>productType</key>
			<string>com.apple.product-type.application</string>
		</dict>
		<key>D43D7F70184699360069A692</key>
		<dict>
			<key>explicitFileType</key>
			<string>wrapper.application</string>
			<key>includeInIndex</key>
			<string>0</string>
			<key>isa</key>
			<string>PBXFileReference</string>
			<key>path</key>
			<string>kraken.app</string>
			<key>sourceTree</key>
			<string>BUILT_PRODUCTS_DIR</string>
		</dict>
		<key>D43D7F71184699360069A692</key>
		<dict>
			<key>children</key>
			<array>
				<string>D43D7F70184699360069A692</string>
				<string>D43D7F94184699360069A692</string>
			</array>
			<key>isa</key>
			<string>PBXGroup</string>
			<key>name</key>
			<string>Products</string>
			<key>sourceTree</key>
			<string>&lt;group&gt;</string>
		</dict>
		<key>D43D7F72184699360069A692</key>
		<dict>
			<key>children</key>
			<array>
				<string>D4A03D24184B7A1000479112</string>
				<string>D43D7F73184699360069A692</string>
				<string>D43D7F95184699360069A692</string>
				<string>D43D7F75184699360069A692</string>
				<string>2C98866EE0984433BCA6AE94</string>
			</array>
			<key>isa</key>
			<string>PBXGroup</string>
			<key>name</key>
			<string>Frameworks</string>
			<key>sourceTree</key>
			<string>&lt;group&gt;</string>
		</dict>
		<key>D43D7F73184699360069A692</key>
		<dict>
			<key>isa</key>
			<string>PBXFileReference</string>
			<key>lastKnownFileType</key>
			<string>wrapper.framework</string>
			<key>name</key>
			<string>Cocoa.framework</string>
			<key>path</key>
			<string>System/Library/Frameworks/Cocoa.framework</string>
			<key>sourceTree</key>
			<string>SDKROOT</string>
		</dict>
		<key>D43D7F74184699360069A692</key>
		<dict>
			<key>fileRef</key>
			<string>D43D7F73184699360069A692</string>
			<key>isa</key>
			<string>PBXBuildFile</string>
		</dict>
		<key>D43D7F75184699360069A692</key>
		<dict>
			<key>children</key>
			<array>
				<string>D43D7F76184699360069A692</string>
				<string>D43D7F77184699360069A692</string>
				<string>D43D7F78184699360069A692</string>
			</array>
			<key>isa</key>
			<string>PBXGroup</string>
			<key>name</key>
			<string>Other Frameworks</string>
			<key>sourceTree</key>
			<string>&lt;group&gt;</string>
		</dict>
		<key>D43D7F76184699360069A692</key>
		<dict>
			<key>isa</key>
			<string>PBXFileReference</string>
			<key>lastKnownFileType</key>
			<string>wrapper.framework</string>
			<key>name</key>
			<string>AppKit.framework</string>
			<key>path</key>
			<string>System/Library/Frameworks/AppKit.framework</string>
			<key>sourceTree</key>
			<string>SDKROOT</string>
		</dict>
		<key>D43D7F77184699360069A692</key>
		<dict>
			<key>isa</key>
			<string>PBXFileReference</string>
			<key>lastKnownFileType</key>
			<string>wrapper.framework</string>
			<key>name</key>
			<string>CoreData.framework</string>
			<key>path</key>
			<string>System/Library/Frameworks/CoreData.framework</string>
			<key>sourceTree</key>
			<string>SDKROOT</string>
		</dict>
		<key>D43D7F78184699360069A692</key>
		<dict>
			<key>isa</key>
			<string>PBXFileReference</string>
			<key>lastKnownFileType</key>
			<string>wrapper.framework</string>
			<key>name</key>
			<string>Foundation.framework</string>
			<key>path</key>
			<string>System/Library/Frameworks/Foundation.framework</string>
			<key>sourceTree</key>
			<string>SDKROOT</string>
		</dict>
		<key>D43D7F79184699360069A692</key>
		<dict>
			<key>children</key>
			<array>
				<string>D4A03D26184B7EF400479112</string>
				<string>D43D7FAE184699E50069A692</string>
				<string>D43D7FAD184699DC0069A692</string>
				<string>D43D7FAA1846997D0069A692</string>
				<string>D43D7F85184699360069A692</string>
				<string>D43D7F86184699360069A692</string>
				<string>D43D7F8E184699360069A692</string>
				<string>D43D7F7A184699360069A692</string>
			</array>
			<key>isa</key>
			<string>PBXGroup</string>
			<key>path</key>
			<string>kraken</string>
			<key>sourceTree</key>
			<string>&lt;group&gt;</string>
		</dict>
		<key>D43D7F7A184699360069A692</key>
		<dict>
			<key>children</key>
			<array>
				<string>D43D7F7B184699360069A692</string>
				<string>D43D7F7C184699360069A692</string>
				<string>D43D7F7F184699360069A692</string>
				<string>D43D7F81184699360069A692</string>
				<string>D43D7F82184699360069A692</string>
			</array>
			<key>isa</key>
			<string>PBXGroup</string>
			<key>name</key>
			<string>Supporting Files</string>
			<key>sourceTree</key>
			<string>&lt;group&gt;</string>
		</dict>
		<key>D43D7F7B184699360069A692</key>
		<dict>
			<key>isa</key>
			<string>PBXFileReference</string>
			<key>lastKnownFileType</key>
			<string>text.plist.xml</string>
			<key>path</key>
			<string>kraken-Info.plist</string>
			<key>sourceTree</key>
			<string>&lt;group&gt;</string>
		</dict>
		<key>D43D7F7C184699360069A692</key>
		<dict>
			<key>children</key>
			<array>
				<string>D43D7F7D184699360069A692</string>
			</array>
			<key>isa</key>
			<string>PBXVariantGroup</string>
			<key>name</key>
			<string>InfoPlist.strings</string>
			<key>sourceTree</key>
			<string>&lt;group&gt;</string>
		</dict>
		<key>D43D7F7D184699360069A692</key>
		<dict>
			<key>isa</key>
			<string>PBXFileReference</string>
			<key>lastKnownFileType</key>
			<string>text.plist.strings</string>
			<key>name</key>
			<string>en</string>
			<key>path</key>
			<string>en.lproj/InfoPlist.strings</string>
			<key>sourceTree</key>
			<string>&lt;group&gt;</string>
		</dict>
		<key>D43D7F7E184699360069A692</key>
		<dict>
			<key>fileRef</key>
			<string>D43D7F7C184699360069A692</string>
			<key>isa</key>
			<string>PBXBuildFile</string>
		</dict>
		<key>D43D7F7F184699360069A692</key>
		<dict>
			<key>isa</key>
			<string>PBXFileReference</string>
			<key>lastKnownFileType</key>
			<string>sourcecode.c.objc</string>
			<key>path</key>
			<string>main.m</string>
			<key>sourceTree</key>
			<string>&lt;group&gt;</string>
		</dict>
		<key>D43D7F80184699360069A692</key>
		<dict>
			<key>fileRef</key>
			<string>D43D7F7F184699360069A692</string>
			<key>isa</key>
			<string>PBXBuildFile</string>
		</dict>
		<key>D43D7F81184699360069A692</key>
		<dict>
			<key>isa</key>
			<string>PBXFileReference</string>
			<key>lastKnownFileType</key>
			<string>sourcecode.c.h</string>
			<key>path</key>
			<string>kraken-Prefix.pch</string>
			<key>sourceTree</key>
			<string>&lt;group&gt;</string>
		</dict>
		<key>D43D7F82184699360069A692</key>
		<dict>
			<key>children</key>
			<array>
				<string>D43D7F83184699360069A692</string>
			</array>
			<key>isa</key>
			<string>PBXVariantGroup</string>
			<key>name</key>
			<string>Credits.rtf</string>
			<key>sourceTree</key>
			<string>&lt;group&gt;</string>
		</dict>
		<key>D43D7F83184699360069A692</key>
		<dict>
			<key>isa</key>
			<string>PBXFileReference</string>
			<key>lastKnownFileType</key>
			<string>text.rtf</string>
			<key>name</key>
			<string>en</string>
			<key>path</key>
			<string>en.lproj/Credits.rtf</string>
			<key>sourceTree</key>
			<string>&lt;group&gt;</string>
		</dict>
		<key>D43D7F84184699360069A692</key>
		<dict>
			<key>fileRef</key>
			<string>D43D7F82184699360069A692</string>
			<key>isa</key>
			<string>PBXBuildFile</string>
		</dict>
		<key>D43D7F85184699360069A692</key>
		<dict>
			<key>isa</key>
			<string>PBXFileReference</string>
			<key>lastKnownFileType</key>
			<string>sourcecode.c.h</string>
			<key>path</key>
			<string>AppDelegate.h</string>
			<key>sourceTree</key>
			<string>&lt;group&gt;</string>
		</dict>
		<key>D43D7F86184699360069A692</key>
		<dict>
			<key>isa</key>
			<string>PBXFileReference</string>
			<key>lastKnownFileType</key>
			<string>sourcecode.c.objc</string>
			<key>path</key>
			<string>AppDelegate.m</string>
			<key>sourceTree</key>
			<string>&lt;group&gt;</string>
		</dict>
		<key>D43D7F87184699360069A692</key>
		<dict>
			<key>fileRef</key>
			<string>D43D7F86184699360069A692</string>
			<key>isa</key>
			<string>PBXBuildFile</string>
		</dict>
		<key>D43D7F88184699360069A692</key>
		<dict>
			<key>children</key>
			<array>
				<string>D43D7F89184699360069A692</string>
			</array>
			<key>isa</key>
			<string>PBXVariantGroup</string>
			<key>name</key>
			<string>MainMenu.xib</string>
			<key>sourceTree</key>
			<string>&lt;group&gt;</string>
		</dict>
		<key>D43D7F89184699360069A692</key>
		<dict>
			<key>isa</key>
			<string>PBXFileReference</string>
			<key>lastKnownFileType</key>
			<string>file.xib</string>
			<key>name</key>
			<string>Base</string>
			<key>path</key>
			<string>Base.lproj/MainMenu.xib</string>
			<key>sourceTree</key>
			<string>&lt;group&gt;</string>
		</dict>
		<key>D43D7F8A184699360069A692</key>
		<dict>
			<key>fileRef</key>
			<string>D43D7F88184699360069A692</string>
			<key>isa</key>
			<string>PBXBuildFile</string>
		</dict>
		<key>D43D7F8B184699360069A692</key>
		<dict>
			<key>children</key>
			<array>
				<string>D43D7F8C184699360069A692</string>
			</array>
			<key>currentVersion</key>
			<string>D43D7F8C184699360069A692</string>
			<key>isa</key>
			<string>XCVersionGroup</string>
			<key>path</key>
			<string>kraken.xcdatamodeld</string>
			<key>sourceTree</key>
			<string>&lt;group&gt;</string>
			<key>versionGroupType</key>
			<string>wrapper.xcdatamodel</string>
		</dict>
		<key>D43D7F8C184699360069A692</key>
		<dict>
			<key>isa</key>
			<string>PBXFileReference</string>
			<key>lastKnownFileType</key>
			<string>wrapper.xcdatamodel</string>
			<key>path</key>
			<string>kraken.xcdatamodel</string>
			<key>sourceTree</key>
			<string>&lt;group&gt;</string>
		</dict>
		<key>D43D7F8D184699360069A692</key>
		<dict>
			<key>fileRef</key>
			<string>D43D7F8B184699360069A692</string>
			<key>isa</key>
			<string>PBXBuildFile</string>
		</dict>
		<key>D43D7F8E184699360069A692</key>
		<dict>
			<key>isa</key>
			<string>PBXFileReference</string>
			<key>lastKnownFileType</key>
			<string>folder.assetcatalog</string>
			<key>path</key>
			<string>Images.xcassets</string>
			<key>sourceTree</key>
			<string>&lt;group&gt;</string>
		</dict>
		<key>D43D7F8F184699360069A692</key>
		<dict>
			<key>fileRef</key>
			<string>D43D7F8E184699360069A692</string>
			<key>isa</key>
			<string>PBXBuildFile</string>
		</dict>
		<key>D43D7F90184699360069A692</key>
		<dict>
			<key>buildActionMask</key>
			<string>2147483647</string>
			<key>files</key>
			<array>
				<string>D43D7FA1184699360069A692</string>
			</array>
			<key>isa</key>
			<string>PBXSourcesBuildPhase</string>
			<key>runOnlyForDeploymentPostprocessing</key>
			<string>0</string>
		</dict>
		<key>D43D7F91184699360069A692</key>
		<dict>
			<key>buildActionMask</key>
			<string>2147483647</string>
			<key>files</key>
			<array>
				<string>D43D7F97184699360069A692</string>
				<string>D43D7F96184699360069A692</string>
			</array>
			<key>isa</key>
			<string>PBXFrameworksBuildPhase</string>
			<key>runOnlyForDeploymentPostprocessing</key>
			<string>0</string>
		</dict>
		<key>D43D7F92184699360069A692</key>
		<dict>
			<key>buildActionMask</key>
			<string>2147483647</string>
			<key>files</key>
			<array>
				<string>D43D7F9F184699360069A692</string>
			</array>
			<key>isa</key>
			<string>PBXResourcesBuildPhase</string>
			<key>runOnlyForDeploymentPostprocessing</key>
			<string>0</string>
		</dict>
		<key>D43D7F93184699360069A692</key>
		<dict>
			<key>buildConfigurationList</key>
			<string>D43D7FA7184699360069A692</string>
			<key>buildPhases</key>
			<array>
				<string>D43D7F90184699360069A692</string>
				<string>D43D7F91184699360069A692</string>
				<string>D43D7F92184699360069A692</string>
			</array>
			<key>buildRules</key>
			<array/>
			<key>dependencies</key>
			<array>
				<string>D43D7F99184699360069A692</string>
			</array>
			<key>isa</key>
			<string>PBXNativeTarget</string>
			<key>name</key>
			<string>krakenTests</string>
			<key>productName</key>
			<string>krakenTests</string>
			<key>productReference</key>
			<string>D43D7F94184699360069A692</string>
			<key>productType</key>
			<string>com.apple.product-type.bundle.unit-test</string>
		</dict>
		<key>D43D7F94184699360069A692</key>
		<dict>
			<key>explicitFileType</key>
			<string>wrapper.cfbundle</string>
			<key>includeInIndex</key>
			<string>0</string>
			<key>isa</key>
			<string>PBXFileReference</string>
			<key>path</key>
			<string>krakenTests.xctest</string>
			<key>sourceTree</key>
			<string>BUILT_PRODUCTS_DIR</string>
		</dict>
		<key>D43D7F95184699360069A692</key>
		<dict>
			<key>isa</key>
			<string>PBXFileReference</string>
			<key>lastKnownFileType</key>
			<string>wrapper.framework</string>
			<key>name</key>
			<string>XCTest.framework</string>
			<key>path</key>
			<string>Library/Frameworks/XCTest.framework</string>
			<key>sourceTree</key>
			<string>DEVELOPER_DIR</string>
		</dict>
		<key>D43D7F96184699360069A692</key>
		<dict>
			<key>fileRef</key>
			<string>D43D7F95184699360069A692</string>
			<key>isa</key>
			<string>PBXBuildFile</string>
		</dict>
		<key>D43D7F97184699360069A692</key>
		<dict>
			<key>fileRef</key>
			<string>D43D7F73184699360069A692</string>
			<key>isa</key>
			<string>PBXBuildFile</string>
		</dict>
		<key>D43D7F98184699360069A692</key>
		<dict>
			<key>containerPortal</key>
			<string>D43D7F68184699360069A692</string>
			<key>isa</key>
			<string>PBXContainerItemProxy</string>
			<key>proxyType</key>
			<string>1</string>
			<key>remoteGlobalIDString</key>
			<string>D43D7F6F184699360069A692</string>
			<key>remoteInfo</key>
			<string>kraken</string>
		</dict>
		<key>D43D7F99184699360069A692</key>
		<dict>
			<key>isa</key>
			<string>PBXTargetDependency</string>
			<key>target</key>
			<string>D43D7F6F184699360069A692</string>
			<key>targetProxy</key>
			<string>D43D7F98184699360069A692</string>
		</dict>
		<key>D43D7F9A184699360069A692</key>
		<dict>
			<key>children</key>
			<array>
				<string>D43D7FA0184699360069A692</string>
				<string>D43D7F9B184699360069A692</string>
			</array>
			<key>isa</key>
			<string>PBXGroup</string>
			<key>path</key>
			<string>krakenTests</string>
			<key>sourceTree</key>
			<string>&lt;group&gt;</string>
		</dict>
		<key>D43D7F9B184699360069A692</key>
		<dict>
			<key>children</key>
			<array>
				<string>D43D7F9C184699360069A692</string>
				<string>D43D7F9D184699360069A692</string>
			</array>
			<key>isa</key>
			<string>PBXGroup</string>
			<key>name</key>
			<string>Supporting Files</string>
			<key>sourceTree</key>
			<string>&lt;group&gt;</string>
		</dict>
		<key>D43D7F9C184699360069A692</key>
		<dict>
			<key>isa</key>
			<string>PBXFileReference</string>
			<key>lastKnownFileType</key>
			<string>text.plist.xml</string>
			<key>path</key>
			<string>krakenTests-Info.plist</string>
			<key>sourceTree</key>
			<string>&lt;group&gt;</string>
		</dict>
		<key>D43D7F9D184699360069A692</key>
		<dict>
			<key>children</key>
			<array>
				<string>D43D7F9E184699360069A692</string>
			</array>
			<key>isa</key>
			<string>PBXVariantGroup</string>
			<key>name</key>
			<string>InfoPlist.strings</string>
			<key>sourceTree</key>
			<string>&lt;group&gt;</string>
		</dict>
		<key>D43D7F9E184699360069A692</key>
		<dict>
			<key>isa</key>
			<string>PBXFileReference</string>
			<key>lastKnownFileType</key>
			<string>text.plist.strings</string>
			<key>name</key>
			<string>en</string>
			<key>path</key>
			<string>en.lproj/InfoPlist.strings</string>
			<key>sourceTree</key>
			<string>&lt;group&gt;</string>
		</dict>
		<key>D43D7F9F184699360069A692</key>
		<dict>
			<key>fileRef</key>
			<string>D43D7F9D184699360069A692</string>
			<key>isa</key>
			<string>PBXBuildFile</string>
		</dict>
		<key>D43D7FA0184699360069A692</key>
		<dict>
			<key>isa</key>
			<string>PBXFileReference</string>
			<key>lastKnownFileType</key>
			<string>sourcecode.c.objc</string>
			<key>path</key>
			<string>krakenTests.m</string>
			<key>sourceTree</key>
			<string>&lt;group&gt;</string>
		</dict>
		<key>D43D7FA1184699360069A692</key>
		<dict>
			<key>fileRef</key>
			<string>D43D7FA0184699360069A692</string>
			<key>isa</key>
			<string>PBXBuildFile</string>
		</dict>
		<key>D43D7FA2184699360069A692</key>
		<dict>
			<key>buildSettings</key>
			<dict>
				<key>ALWAYS_SEARCH_USER_PATHS</key>
				<string>NO</string>
				<key>CLANG_CXX_LANGUAGE_STANDARD</key>
				<string>gnu++0x</string>
				<key>CLANG_CXX_LIBRARY</key>
				<string>libc++</string>
				<key>CLANG_ENABLE_OBJC_ARC</key>
				<string>YES</string>
				<key>CLANG_WARN_BOOL_CONVERSION</key>
				<string>YES</string>
				<key>CLANG_WARN_CONSTANT_CONVERSION</key>
				<string>YES</string>
				<key>CLANG_WARN_DIRECT_OBJC_ISA_USAGE</key>
				<string>YES_ERROR</string>
				<key>CLANG_WARN_EMPTY_BODY</key>
				<string>YES</string>
				<key>CLANG_WARN_ENUM_CONVERSION</key>
				<string>YES</string>
				<key>CLANG_WARN_INT_CONVERSION</key>
				<string>YES</string>
				<key>CLANG_WARN_OBJC_ROOT_CLASS</key>
				<string>YES_ERROR</string>
				<key>CLANG_WARN__DUPLICATE_METHOD_MATCH</key>
				<string>YES</string>
				<key>COPY_PHASE_STRIP</key>
				<string>NO</string>
				<key>GCC_C_LANGUAGE_STANDARD</key>
				<string>gnu99</string>
				<key>GCC_DYNAMIC_NO_PIC</key>
				<string>NO</string>
				<key>GCC_ENABLE_OBJC_EXCEPTIONS</key>
				<string>YES</string>
				<key>GCC_OPTIMIZATION_LEVEL</key>
				<string>0</string>
				<key>GCC_PREPROCESSOR_DEFINITIONS</key>
				<array>
					<string>DEBUG=1</string>
					<string>$(inherited)</string>
				</array>
				<key>GCC_SYMBOLS_PRIVATE_EXTERN</key>
				<string>NO</string>
				<key>GCC_WARN_64_TO_32_BIT_CONVERSION</key>
				<string>YES</string>
				<key>GCC_WARN_ABOUT_RETURN_TYPE</key>
				<string>YES_ERROR</string>
				<key>GCC_WARN_UNDECLARED_SELECTOR</key>
				<string>YES</string>
				<key>GCC_WARN_UNINITIALIZED_AUTOS</key>
				<string>YES</string>
				<key>GCC_WARN_UNUSED_FUNCTION</key>
				<string>YES</string>
				<key>GCC_WARN_UNUSED_VARIABLE</key>
				<string>YES</string>
				<key>MACOSX_DEPLOYMENT_TARGET</key>
				<string>10.9</string>
				<key>ONLY_ACTIVE_ARCH</key>
				<string>YES</string>
				<key>SDKROOT</key>
				<string>macosx</string>
			</dict>
			<key>isa</key>
			<string>XCBuildConfiguration</string>
			<key>name</key>
			<string>Debug</string>
		</dict>
		<key>D43D7FA3184699360069A692</key>
		<dict>
			<key>buildSettings</key>
			<dict>
				<key>ALWAYS_SEARCH_USER_PATHS</key>
				<string>NO</string>
				<key>CLANG_CXX_LANGUAGE_STANDARD</key>
				<string>gnu++0x</string>
				<key>CLANG_CXX_LIBRARY</key>
				<string>libc++</string>
				<key>CLANG_ENABLE_OBJC_ARC</key>
				<string>YES</string>
				<key>CLANG_WARN_BOOL_CONVERSION</key>
				<string>YES</string>
				<key>CLANG_WARN_CONSTANT_CONVERSION</key>
				<string>YES</string>
				<key>CLANG_WARN_DIRECT_OBJC_ISA_USAGE</key>
				<string>YES_ERROR</string>
				<key>CLANG_WARN_EMPTY_BODY</key>
				<string>YES</string>
				<key>CLANG_WARN_ENUM_CONVERSION</key>
				<string>YES</string>
				<key>CLANG_WARN_INT_CONVERSION</key>
				<string>YES</string>
				<key>CLANG_WARN_OBJC_ROOT_CLASS</key>
				<string>YES_ERROR</string>
				<key>CLANG_WARN__DUPLICATE_METHOD_MATCH</key>
				<string>YES</string>
				<key>COPY_PHASE_STRIP</key>
				<string>YES</string>
				<key>DEBUG_INFORMATION_FORMAT</key>
				<string>dwarf-with-dsym</string>
				<key>ENABLE_NS_ASSERTIONS</key>
				<string>NO</string>
				<key>GCC_C_LANGUAGE_STANDARD</key>
				<string>gnu99</string>
				<key>GCC_ENABLE_OBJC_EXCEPTIONS</key>
				<string>YES</string>
				<key>GCC_WARN_64_TO_32_BIT_CONVERSION</key>
				<string>YES</string>
				<key>GCC_WARN_ABOUT_RETURN_TYPE</key>
				<string>YES_ERROR</string>
				<key>GCC_WARN_UNDECLARED_SELECTOR</key>
				<string>YES</string>
				<key>GCC_WARN_UNINITIALIZED_AUTOS</key>
				<string>YES</string>
				<key>GCC_WARN_UNUSED_FUNCTION</key>
				<string>YES</string>
				<key>GCC_WARN_UNUSED_VARIABLE</key>
				<string>YES</string>
				<key>MACOSX_DEPLOYMENT_TARGET</key>
				<string>10.9</string>
				<key>SDKROOT</key>
				<string>macosx</string>
			</dict>
			<key>isa</key>
			<string>XCBuildConfiguration</string>
			<key>name</key>
			<string>Release</string>
		</dict>
		<key>D43D7FA4184699360069A692</key>
		<dict>
			<key>buildConfigurations</key>
			<array>
				<string>D43D7FA5184699360069A692</string>
				<string>D43D7FA6184699360069A692</string>
			</array>
			<key>defaultConfigurationIsVisible</key>
			<string>0</string>
			<key>defaultConfigurationName</key>
			<string>Release</string>
			<key>isa</key>
			<string>XCConfigurationList</string>
		</dict>
		<key>D43D7FA5184699360069A692</key>
		<dict>
			<key>baseConfigurationReference</key>
			<string>F9D1A872BDEB46A19BD37547</string>
			<key>buildSettings</key>
			<dict>
				<key>ASSETCATALOG_COMPILER_APPICON_NAME</key>
				<string>AppIcon</string>
				<key>COMBINE_HIDPI_IMAGES</key>
				<string>YES</string>
				<key>GCC_PRECOMPILE_PREFIX_HEADER</key>
				<string>YES</string>
				<key>GCC_PREFIX_HEADER</key>
				<string>kraken/kraken-Prefix.pch</string>
				<key>INFOPLIST_FILE</key>
				<string>kraken/kraken-Info.plist</string>
				<key>PRODUCT_NAME</key>
				<string>$(TARGET_NAME)</string>
				<key>WRAPPER_EXTENSION</key>
				<string>app</string>
			</dict>
			<key>isa</key>
			<string>XCBuildConfiguration</string>
			<key>name</key>
			<string>Debug</string>
		</dict>
		<key>D43D7FA6184699360069A692</key>
		<dict>
			<key>baseConfigurationReference</key>
			<string>F9D1A872BDEB46A19BD37547</string>
			<key>buildSettings</key>
			<dict>
				<key>ASSETCATALOG_COMPILER_APPICON_NAME</key>
				<string>AppIcon</string>
				<key>COMBINE_HIDPI_IMAGES</key>
				<string>YES</string>
				<key>GCC_PRECOMPILE_PREFIX_HEADER</key>
				<string>YES</string>
				<key>GCC_PREFIX_HEADER</key>
				<string>kraken/kraken-Prefix.pch</string>
				<key>INFOPLIST_FILE</key>
				<string>kraken/kraken-Info.plist</string>
				<key>PRODUCT_NAME</key>
				<string>$(TARGET_NAME)</string>
				<key>WRAPPER_EXTENSION</key>
				<string>app</string>
			</dict>
			<key>isa</key>
			<string>XCBuildConfiguration</string>
			<key>name</key>
			<string>Release</string>
		</dict>
		<key>D43D7FA7184699360069A692</key>
		<dict>
			<key>buildConfigurations</key>
			<array>
				<string>D43D7FA8184699360069A692</string>
				<string>D43D7FA9184699360069A692</string>
			</array>
			<key>defaultConfigurationIsVisible</key>
			<string>0</string>
			<key>defaultConfigurationName</key>
			<string>Release</string>
			<key>isa</key>
			<string>XCConfigurationList</string>
		</dict>
		<key>D43D7FA8184699360069A692</key>
		<dict>
			<key>buildSettings</key>
			<dict>
				<key>BUNDLE_LOADER</key>
				<string>$(BUILT_PRODUCTS_DIR)/kraken.app/Contents/MacOS/kraken</string>
				<key>COMBINE_HIDPI_IMAGES</key>
				<string>YES</string>
				<key>FRAMEWORK_SEARCH_PATHS</key>
				<array>
					<string>$(DEVELOPER_FRAMEWORKS_DIR)</string>
					<string>$(inherited)</string>
				</array>
				<key>GCC_PRECOMPILE_PREFIX_HEADER</key>
				<string>YES</string>
				<key>GCC_PREFIX_HEADER</key>
				<string>kraken/kraken-Prefix.pch</string>
				<key>GCC_PREPROCESSOR_DEFINITIONS</key>
				<array>
					<string>DEBUG=1</string>
					<string>$(inherited)</string>
				</array>
				<key>INFOPLIST_FILE</key>
				<string>krakenTests/krakenTests-Info.plist</string>
				<key>PRODUCT_NAME</key>
				<string>$(TARGET_NAME)</string>
				<key>TEST_HOST</key>
				<string>$(BUNDLE_LOADER)</string>
				<key>WRAPPER_EXTENSION</key>
				<string>xctest</string>
			</dict>
			<key>isa</key>
			<string>XCBuildConfiguration</string>
			<key>name</key>
			<string>Debug</string>
		</dict>
		<key>D43D7FA9184699360069A692</key>
		<dict>
			<key>buildSettings</key>
			<dict>
				<key>BUNDLE_LOADER</key>
				<string>$(BUILT_PRODUCTS_DIR)/kraken.app/Contents/MacOS/kraken</string>
				<key>COMBINE_HIDPI_IMAGES</key>
				<string>YES</string>
				<key>FRAMEWORK_SEARCH_PATHS</key>
				<array>
					<string>$(DEVELOPER_FRAMEWORKS_DIR)</string>
					<string>$(inherited)</string>
				</array>
				<key>GCC_PRECOMPILE_PREFIX_HEADER</key>
				<string>YES</string>
				<key>GCC_PREFIX_HEADER</key>
				<string>kraken/kraken-Prefix.pch</string>
				<key>INFOPLIST_FILE</key>
				<string>krakenTests/krakenTests-Info.plist</string>
				<key>PRODUCT_NAME</key>
				<string>$(TARGET_NAME)</string>
				<key>TEST_HOST</key>
				<string>$(BUNDLE_LOADER)</string>
				<key>WRAPPER_EXTENSION</key>
				<string>xctest</string>
			</dict>
			<key>isa</key>
			<string>XCBuildConfiguration</string>
			<key>name</key>
			<string>Release</string>
		</dict>
		<key>D43D7FAA1846997D0069A692</key>
		<dict>
			<key>children</key>
			<array>
				<string>D43D7F88184699360069A692</string>
				<string>D43D7FAB184699C60069A692</string>
				<string>D4A03D1F184B6B4E00479112</string>
			</array>
			<key>isa</key>
			<string>PBXGroup</string>
			<key>name</key>
			<string>Resources</string>
			<key>sourceTree</key>
			<string>&lt;group&gt;</string>
		</dict>
		<key>D43D7FAB184699C60069A692</key>
		<dict>
			<key>fileEncoding</key>
			<string>4</string>
			<key>isa</key>
			<string>PBXFileReference</string>
			<key>lastKnownFileType</key>
			<string>file.xib</string>
			<key>path</key>
			<string>SubscriptionWindow.xib</string>
			<key>sourceTree</key>
			<string>&lt;group&gt;</string>
		</dict>
		<key>D43D7FAC184699C60069A692</key>
		<dict>
			<key>fileRef</key>
			<string>D43D7FAB184699C60069A692</string>
			<key>isa</key>
			<string>PBXBuildFile</string>
		</dict>
		<key>D43D7FAD184699DC0069A692</key>
		<dict>
			<key>children</key>
			<array>
				<string>D43D7FAF18469A0C0069A692</string>
				<string>D43D7FB018469A0C0069A692</string>
				<string>D4A03D21184B6B8700479112</string>
				<string>D4A03D22184B6B8700479112</string>
			</array>
			<key>isa</key>
			<string>PBXGroup</string>
			<key>name</key>
			<string>Controllers</string>
			<key>sourceTree</key>
			<string>&lt;group&gt;</string>
		</dict>
		<key>D43D7FAE184699E50069A692</key>
		<dict>
			<key>children</key>
			<array>
				<string>D43D7F8B184699360069A692</string>
			</array>
			<key>isa</key>
			<string>PBXGroup</string>
			<key>name</key>
			<string>Models</string>
			<key>sourceTree</key>
			<string>&lt;group&gt;</string>
		</dict>
		<key>D43D7FAF18469A0C0069A692</key>
		<dict>
			<key>fileEncoding</key>
			<string>4</string>
			<key>isa</key>
			<string>PBXFileReference</string>
			<key>lastKnownFileType</key>
			<string>sourcecode.c.h</string>
			<key>path</key>
			<string>SubscriptionWindowController.h</string>
			<key>sourceTree</key>
			<string>&lt;group&gt;</string>
		</dict>
		<key>D43D7FB018469A0C0069A692</key>
		<dict>
			<key>fileEncoding</key>
			<string>4</string>
			<key>isa</key>
			<string>PBXFileReference</string>
			<key>lastKnownFileType</key>
			<string>sourcecode.c.objc</string>
			<key>path</key>
			<string>SubscriptionWindowController.m</string>
			<key>sourceTree</key>
			<string>&lt;group&gt;</string>
		</dict>
		<key>D43D7FB118469A0C0069A692</key>
		<dict>
			<key>fileRef</key>
			<string>D43D7FB018469A0C0069A692</string>
			<key>isa</key>
			<string>PBXBuildFile</string>
		</dict>
		<key>D4A03D1F184B6B4E00479112</key>
		<dict>
			<key>fileEncoding</key>
			<string>4</string>
			<key>isa</key>
			<string>PBXFileReference</string>
			<key>lastKnownFileType</key>
			<string>file.xib</string>
			<key>path</key>
			<string>MainWindow.xib</string>
			<key>sourceTree</key>
			<string>&lt;group&gt;</string>
		</dict>
		<key>D4A03D20184B6B4E00479112</key>
		<dict>
			<key>fileRef</key>
			<string>D4A03D1F184B6B4E00479112</string>
			<key>isa</key>
			<string>PBXBuildFile</string>
		</dict>
		<key>D4A03D21184B6B8700479112</key>
		<dict>
			<key>fileEncoding</key>
			<string>4</string>
			<key>isa</key>
			<string>PBXFileReference</string>
			<key>lastKnownFileType</key>
			<string>sourcecode.c.h</string>
			<key>path</key>
			<string>MainWindowController.h</string>
			<key>sourceTree</key>
			<string>&lt;group&gt;</string>
		</dict>
		<key>D4A03D22184B6B8700479112</key>
		<dict>
			<key>fileEncoding</key>
			<string>4</string>
			<key>isa</key>
			<string>PBXFileReference</string>
			<key>lastKnownFileType</key>
			<string>sourcecode.c.objc</string>
			<key>path</key>
			<string>MainWindowController.m</string>
			<key>sourceTree</key>
			<string>&lt;group&gt;</string>
		</dict>
		<key>D4A03D23184B6B8700479112</key>
		<dict>
			<key>fileRef</key>
			<string>D4A03D22184B6B8700479112</string>
			<key>isa</key>
			<string>PBXBuildFile</string>
		</dict>
		<key>D4A03D24184B7A1000479112</key>
		<dict>
			<key>isa</key>
			<string>PBXFileReference</string>
			<key>lastKnownFileType</key>
			<string>wrapper.framework</string>
			<key>name</key>
			<string>PubSub.framework</string>
			<key>path</key>
			<string>System/Library/Frameworks/PubSub.framework</string>
			<key>sourceTree</key>
			<string>SDKROOT</string>
		</dict>
		<key>D4A03D26184B7EF400479112</key>
		<dict>
			<key>children</key>
			<array>
				<string>D4A03D27184B7F0400479112</string>
				<string>D4A03D28184B7F0400479112</string>
				<string>D4388CCA184E7FD90065B863</string>
				<string>D4388CCB184E7FD90065B863</string>
				<string>D4388CD0184E909E0065B863</string>
				<string>D4388CD1184E909E0065B863</string>
				<string>D4388CD3184E91340065B863</string>
				<string>D4388CD4184E91340065B863</string>
			</array>
			<key>isa</key>
			<string>PBXGroup</string>
			<key>name</key>
			<string>Services</string>
			<key>sourceTree</key>
			<string>&lt;group&gt;</string>
		</dict>
		<key>D4A03D27184B7F0400479112</key>
		<dict>
			<key>fileEncoding</key>
			<string>4</string>
			<key>isa</key>
			<string>PBXFileReference</string>
			<key>lastKnownFileType</key>
			<string>sourcecode.c.h</string>
			<key>path</key>
			<string>FeedLoader.h</string>
			<key>sourceTree</key>
			<string>&lt;group&gt;</string>
		</dict>
		<key>D4A03D28184B7F0400479112</key>
		<dict>
			<key>fileEncoding</key>
			<string>4</string>
			<key>isa</key>
			<string>PBXFileReference</string>
			<key>lastKnownFileType</key>
			<string>sourcecode.c.objc</string>
			<key>path</key>
			<string>FeedLoader.m</string>
			<key>sourceTree</key>
			<string>&lt;group&gt;</string>
		</dict>
		<key>D4A03D29184B7F0400479112</key>
		<dict>
			<key>fileRef</key>
			<string>D4A03D28184B7F0400479112</string>
			<key>isa</key>
			<string>PBXBuildFile</string>
		</dict>
		<key>F9D1A872BDEB46A19BD37547</key>
		<dict>
			<key>includeInIndex</key>
			<string>1</string>
			<key>isa</key>
			<string>PBXFileReference</string>
			<key>lastKnownFileType</key>
			<string>text.xcconfig</string>
			<key>name</key>
			<string>Pods.xcconfig</string>
			<key>path</key>
			<string>Pods/Pods.xcconfig</string>
			<key>sourceTree</key>
			<string>&lt;group&gt;</string>
		</dict>
	</dict>
	<key>rootObject</key>
	<string>D43D7F68184699360069A692</string>
</dict>
</plist>
